
Microsoft Visual Studio Solution File, Format Version 12.00
# Visual Studio Version 17
VisualStudioVersion = 17.5.33516.290
MinimumVisualStudioVersion = 10.0.40219.1
Project("{FAE04EC0-301F-11D3-BF4B-00C04F79EFBC}") = "TodoGraphQl", "TodoGraphQl\TodoGraphQl.csproj", "{5088DF89-AAD1-423F-89D1-082BE35562C7}"
EndProject
Global
	GlobalSection(SolutionConfigurationPlatforms) = preSolution
		Debug|Any CPU = Debug|Any CPU
		Release|Any CPU = Release|Any CPU
	EndGlobalSection
	GlobalSection(ProjectConfigurationPlatforms) = postSolution
		{5088DF89-AAD1-423F-89D1-082BE35562C7}.Debug|Any CPU.ActiveCfg = Debug|Any CPU
		{5088DF89-AAD1-423F-89D1-082BE35562C7}.Debug|Any CPU.Build.0 = Debug|Any CPU
		{5088DF89-AAD1-423F-89D1-082BE35562C7}.Release|Any CPU.ActiveCfg = Release|Any CPU
		{5088DF89-AAD1-423F-89D1-082BE35562C7}.Release|Any CPU.Build.0 = Release|Any CPU
	EndGlobalSection
	GlobalSection(SolutionProperties) = preSolution
		HideSolutionNode = FALSE
	EndGlobalSection
	GlobalSection(ExtensibilityGlobals) = postSolution
		SolutionGuid = {9A0E10F1-0CB0-40DF-86B1-891B000134B0}
	EndGlobalSection
EndGlobal
